// !$*UTF8*$!
{
	archiveVersion = 1;
	classes = {
	};
	objectVersion = 50;
	objects = {

/* Begin PBXBuildFile section */
		D457114F29072AAC0028CDA8 /* AppDelegate.swift in Sources */ = {isa = PBXBuildFile; fileRef = D457114E29072AAC0028CDA8 /* AppDelegate.swift */; };
		D457115129072AAC0028CDA8 /* SceneDelegate.swift in Sources */ = {isa = PBXBuildFile; fileRef = D457115029072AAC0028CDA8 /* SceneDelegate.swift */; };
		D457115329072AAC0028CDA8 /* ContentView.swift in Sources */ = {isa = PBXBuildFile; fileRef = D457115229072AAC0028CDA8 /* ContentView.swift */; };
		D457115529072AAF0028CDA8 /* Assets.xcassets in Resources */ = {isa = PBXBuildFile; fileRef = D457115429072AAF0028CDA8 /* Assets.xcassets */; };
		D457115829072AAF0028CDA8 /* Preview Assets.xcassets in Resources */ = {isa = PBXBuildFile; fileRef = D457115729072AAF0028CDA8 /* Preview Assets.xcassets */; };
		D457115B29072AAF0028CDA8 /* LaunchScreen.storyboard in Resources */ = {isa = PBXBuildFile; fileRef = D457115929072AAF0028CDA8 /* LaunchScreen.storyboard */; };
		D457116529072EC80028CDA8 /* Pacifico-Regular.ttf in Resources */ = {isa = PBXBuildFile; fileRef = D457116429072EC80028CDA8 /* Pacifico-Regular.ttf */; };
		D4571169290739EA0028CDA8 /* InfoView.swift in Sources */ = {isa = PBXBuildFile; fileRef = D4571168290739EA0028CDA8 /* InfoView.swift */; };
/* End PBXBuildFile section */

/* Begin PBXFileReference section */
		D457114B29072AAC0028CDA8 /* JoseCard.app */ = {isa = PBXFileReference; explicitFileType = wrapper.application; includeInIndex = 0; path = JoseCard.app; sourceTree = BUILT_PRODUCTS_DIR; };
		D457114E29072AAC0028CDA8 /* AppDelegate.swift */ = {isa = PBXFileReference; lastKnownFileType = sourcecode.swift; path = AppDelegate.swift; sourceTree = "<group>"; };
		D457115029072AAC0028CDA8 /* SceneDelegate.swift */ = {isa = PBXFileReference; lastKnownFileType = sourcecode.swift; path = SceneDelegate.swift; sourceTree = "<group>"; };
		D457115229072AAC0028CDA8 /* ContentView.swift */ = {isa = PBXFileReference; lastKnownFileType = sourcecode.swift; path = ContentView.swift; sourceTree = "<group>"; };
		D457115429072AAF0028CDA8 /* Assets.xcassets */ = {isa = PBXFileReference; lastKnownFileType = folder.assetcatalog; path = Assets.xcassets; sourceTree = "<group>"; };
		D457115729072AAF0028CDA8 /* Preview Assets.xcassets */ = {isa = PBXFileReference; lastKnownFileType = folder.assetcatalog; path = "Preview Assets.xcassets"; sourceTree = "<group>"; };
		D457115A29072AAF0028CDA8 /* Base */ = {isa = PBXFileReference; lastKnownFileType = file.storyboard; name = Base; path = Base.lproj/LaunchScreen.storyboard; sourceTree = "<group>"; };
		D457115C29072AAF0028CDA8 /* Info.plist */ = {isa = PBXFileReference; lastKnownFileType = text.plist.xml; path = Info.plist; sourceTree = "<group>"; };
		D457116429072EC80028CDA8 /* Pacifico-Regular.ttf */ = {isa = PBXFileReference; lastKnownFileType = file; path = "Pacifico-Regular.ttf"; sourceTree = "<group>"; };
		D4571168290739EA0028CDA8 /* InfoView.swift */ = {isa = PBXFileReference; lastKnownFileType = sourcecode.swift; path = InfoView.swift; sourceTree = "<group>"; };
/* End PBXFileReference section */

/* Begin PBXFrameworksBuildPhase section */
		D457114829072AAC0028CDA8 /* Frameworks */ = {
			isa = PBXFrameworksBuildPhase;
			buildActionMask = 2147483647;
			files = (
			);
			runOnlyForDeploymentPostprocessing = 0;
		};
/* End PBXFrameworksBuildPhase section */

/* Begin PBXGroup section */
		D457114229072AAC0028CDA8 = {
			isa = PBXGroup;
			children = (
				D457114D29072AAC0028CDA8 /* JoseCard */,
				D457114C29072AAC0028CDA8 /* Products */,
			);
			sourceTree = "<group>";
		};
		D457114C29072AAC0028CDA8 /* Products */ = {
			isa = PBXGroup;
			children = (
				D457114B29072AAC0028CDA8 /* JoseCard.app */,
			);
			name = Products;
			sourceTree = "<group>";
		};
		D457114D29072AAC0028CDA8 /* JoseCard */ = {
			isa = PBXGroup;
			children = (
				D457116329072E930028CDA8 /* fonts */,
				D457114E29072AAC0028CDA8 /* AppDelegate.swift */,
				D457115029072AAC0028CDA8 /* SceneDelegate.swift */,
				D457115229072AAC0028CDA8 /* ContentView.swift */,
				D4571168290739EA0028CDA8 /* InfoView.swift */,
				D457115429072AAF0028CDA8 /* Assets.xcassets */,
				D457115929072AAF0028CDA8 /* LaunchScreen.storyboard */,
				D457115C29072AAF0028CDA8 /* Info.plist */,
				D457115629072AAF0028CDA8 /* Preview Content */,
			);
			path = JoseCard;
			sourceTree = "<group>";
		};
		D457115629072AAF0028CDA8 /* Preview Content */ = {
			isa = PBXGroup;
			children = (
				D457115729072AAF0028CDA8 /* Preview Assets.xcassets */,
			);
			path = "Preview Content";
			sourceTree = "<group>";
		};
		D457116329072E930028CDA8 /* fonts */ = {
			isa = PBXGroup;
			children = (
				D457116429072EC80028CDA8 /* Pacifico-Regular.ttf */,
			);
			path = fonts;
			sourceTree = "<group>";
		};
/* End PBXGroup section */

/* Begin PBXNativeTarget section */
		D457114A29072AAC0028CDA8 /* JoseCard */ = {
			isa = PBXNativeTarget;
			buildConfigurationList = D457115F29072AAF0028CDA8 /* Build configuration list for PBXNativeTarget "JoseCard" */;
			buildPhases = (
				D457114729072AAC0028CDA8 /* Sources */,
				D457114829072AAC0028CDA8 /* Frameworks */,
				D457114929072AAC0028CDA8 /* Resources */,
			);
			buildRules = (
			);
			dependencies = (
			);
			name = JoseCard;
			productName = JoseCard;
			productReference = D457114B29072AAC0028CDA8 /* JoseCard.app */;
			productType = "com.apple.product-type.application";
		};
/* End PBXNativeTarget section */

/* Begin PBXProject section */
		D457114329072AAC0028CDA8 /* Project object */ = {
			isa = PBXProject;
			attributes = {
				LastSwiftUpdateCheck = 1210;
				LastUpgradeCheck = 1210;
				TargetAttributes = {
					D457114A29072AAC0028CDA8 = {
						CreatedOnToolsVersion = 12.1;
					};
				};
			};
			buildConfigurationList = D457114629072AAC0028CDA8 /* Build configuration list for PBXProject "JoseCard" */;
			compatibilityVersion = "Xcode 9.3";
			developmentRegion = en;
			hasScannedForEncodings = 0;
			knownRegions = (
				en,
				Base,
			);
			mainGroup = D457114229072AAC0028CDA8;
			productRefGroup = D457114C29072AAC0028CDA8 /* Products */;
			projectDirPath = "";
			projectRoot = "";
			targets = (
				D457114A29072AAC0028CDA8 /* JoseCard */,
			);
		};
/* End PBXProject section */

/* Begin PBXResourcesBuildPhase section */
		D457114929072AAC0028CDA8 /* Resources */ = {
			isa = PBXResourcesBuildPhase;
			buildActionMask = 2147483647;
			files = (
				D457115B29072AAF0028CDA8 /* LaunchScreen.storyboard in Resources */,
				D457116529072EC80028CDA8 /* Pacifico-Regular.ttf in Resources */,
				D457115829072AAF0028CDA8 /* Preview Assets.xcassets in Resources */,
				D457115529072AAF0028CDA8 /* Assets.xcassets in Resources */,
			);
			runOnlyForDeploymentPostprocessing = 0;
		};
/* End PBXResourcesBuildPhase section */

/* Begin PBXSourcesBuildPhase section */
		D457114729072AAC0028CDA8 /* Sources */ = {
			isa = PBXSourcesBuildPhase;
			buildActionMask = 2147483647;
			files = (
				D4571169290739EA0028CDA8 /* InfoView.swift in Sources */,
				D457114F29072AAC0028CDA8 /* AppDelegate.swift in Sources */,
				D457115129072AAC0028CDA8 /* SceneDelegate.swift in Sources */,
				D457115329072AAC0028CDA8 /* ContentView.swift in Sources */,
			);
			runOnlyForDeploymentPostprocessing = 0;
		};
/* End PBXSourcesBuildPhase section */

/* Begin PBXVariantGroup section */
		D457115929072AAF0028CDA8 /* LaunchScreen.storyboard */ = {
			isa = PBXVariantGroup;
			children = (
				D457115A29072AAF0028CDA8 /* Base */,
			);
			name = LaunchScreen.storyboard;
			sourceTree = "<group>";
		};
/* End PBXVariantGroup section */

/* Begin XCBuildConfiguration section */
		D457115D29072AAF0028CDA8 /* Debug */ = {
			isa = XCBuildConfiguration;
			buildSettings = {
				ALWAYS_SEARCH_USER_PATHS = NO;
				CLANG_ANALYZER_NONNULL = YES;
				CLANG_ANALYZER_NUMBER_OBJECT_CONVERSION = YES_AGGRESSIVE;
				CLANG_CXX_LANGUAGE_STANDARD = "gnu++14";
				CLANG_CXX_LIBRARY = "libc++";
				CLANG_ENABLE_MODULES = YES;
				CLANG_ENABLE_OBJC_ARC = YES;
				CLANG_ENABLE_OBJC_WEAK = YES;
				CLANG_WARN_BLOCK_CAPTURE_AUTORELEASING = YES;
				CLANG_WARN_BOOL_CONVERSION = YES;
				CLANG_WARN_COMMA = YES;
				CLANG_WARN_CONSTANT_CONVERSION = YES;
				CLANG_WARN_DEPRECATED_OBJC_IMPLEMENTATIONS = YES;
				CLANG_WARN_DIRECT_OBJC_ISA_USAGE = YES_ERROR;
				CLANG_WARN_DOCUMENTATION_COMMENTS = YES;
				CLANG_WARN_EMPTY_BODY = YES;
				CLANG_WARN_ENUM_CONVERSION = YES;
				CLANG_WARN_INFINITE_RECURSION = YES;
				CLANG_WARN_INT_CONVERSION = YES;
				CLANG_WARN_NON_LITERAL_NULL_CONVERSION = YES;
				CLANG_WARN_OBJC_IMPLICIT_RETAIN_SELF = YES;
				CLANG_WARN_OBJC_LITERAL_CONVERSION = YES;
				CLANG_WARN_OBJC_ROOT_CLASS = YES_ERROR;
				CLANG_WARN_QUOTED_INCLUDE_IN_FRAMEWORK_HEADER = YES;
				CLANG_WARN_RANGE_LOOP_ANALYSIS = YES;
				CLANG_WARN_STRICT_PROTOTYPES = YES;
				CLANG_WARN_SUSPICIOUS_MOVE = YES;
				CLANG_WARN_UNGUARDED_AVAILABILITY = YES_AGGRESSIVE;
				CLANG_WARN_UNREACHABLE_CODE = YES;
				CLANG_WARN__DUPLICATE_METHOD_MATCH = YES;
				COPY_PHASE_STRIP = NO;
				DEBUG_INFORMATION_FORMAT = dwarf;
				ENABLE_STRICT_OBJC_MSGSEND = YES;
				ENABLE_TESTABILITY = YES;
				GCC_C_LANGUAGE_STANDARD = gnu11;
				GCC_DYNAMIC_NO_PIC = NO;
				GCC_NO_COMMON_BLOCKS = YES;
				GCC_OPTIMIZATION_LEVEL = 0;
				GCC_PREPROCESSOR_DEFINITIONS = (
					"DEBUG=1",
					"$(inherited)",
				);
				GCC_WARN_64_TO_32_BIT_CONVERSION = YES;
				GCC_WARN_ABOUT_RETURN_TYPE = YES_ERROR;
				GCC_WARN_UNDECLARED_SELECTOR = YES;
				GCC_WARN_UNINITIALIZED_AUTOS = YES_AGGRESSIVE;
				GCC_WARN_UNUSED_FUNCTION = YES;
				GCC_WARN_UNUSED_VARIABLE = YES;
				IPHONEOS_DEPLOYMENT_TARGET = 14.1;
				MTL_ENABLE_DEBUG_INFO = INCLUDE_SOURCE;
				MTL_FAST_MATH = YES;
				ONLY_ACTIVE_ARCH = YES;
				SDKROOT = iphoneos;
				SWIFT_ACTIVE_COMPILATION_CONDITIONS = DEBUG;
				SWIFT_OPTIMIZATION_LEVEL = "-Onone";
			};
			name = Debug;
		};
		D457115E29072AAF0028CDA8 /* Release */ = {
			isa = XCBuildConfiguration;
			buildSettings = {
				ALWAYS_SEARCH_USER_PATHS = NO;
				CLANG_ANALYZER_NONNULL = YES;
				CLANG_ANALYZER_NUMBER_OBJECT_CONVERSION = YES_AGGRESSIVE;
				CLANG_CXX_LANGUAGE_STANDARD = "gnu++14";
				CLANG_CXX_LIBRARY = "libc++";
				CLANG_ENABLE_MODULES = YES;
				CLANG_ENABLE_OBJC_ARC = YES;
				CLANG_ENABLE_OBJC_WEAK = YES;
				CLANG_WARN_BLOCK_CAPTURE_AUTORELEASING = YES;
				CLANG_WARN_BOOL_CONVERSION = YES;
				CLANG_WARN_COMMA = YES;
				CLANG_WARN_CONSTANT_CONVERSION = YES;
				CLANG_WARN_DEPRECATED_OBJC_IMPLEMENTATIONS = YES;
				CLANG_WARN_DIRECT_OBJC_ISA_USAGE = YES_ERROR;
				CLANG_WARN_DOCUMENTATION_COMMENTS = YES;
				CLANG_WARN_EMPTY_BODY = YES;
				CLANG_WARN_ENUM_CONVERSION = YES;
				CLANG_WARN_INFINITE_RECURSION = YES;
				CLANG_WARN_INT_CONVERSION = YES;
				CLANG_WARN_NON_LITERAL_NULL_CONVERSION = YES;
				CLANG_WARN_OBJC_IMPLICIT_RETAIN_SELF = YES;
				CLANG_WARN_OBJC_LITERAL_CONVERSION = YES;
				CLANG_WARN_OBJC_ROOT_CLASS = YES_ERROR;
				CLANG_WARN_QUOTED_INCLUDE_IN_FRAMEWORK_HEADER = YES;
				CLANG_WARN_RANGE_LOOP_ANALYSIS = YES;
				CLANG_WARN_STRICT_PROTOTYPES = YES;
				CLANG_WARN_SUSPICIOUS_MOVE = YES;
				CLANG_WARN_UNGUARDED_AVAILABILITY = YES_AGGRESSIVE;
				CLANG_WARN_UNREACHABLE_CODE = YES;
				CLANG_WARN__DUPLICATE_METHOD_MATCH = YES;
				COPY_PHASE_STRIP = NO;
				DEBUG_INFORMATION_FORMAT = "dwarf-with-dsym";
				ENABLE_NS_ASSERTIONS = NO;
				ENABLE_STRICT_OBJC_MSGSEND = YES;
				GCC_C_LANGUAGE_STANDARD = gnu11;
				GCC_NO_COMMON_BLOCKS = YES;
				GCC_WARN_64_TO_32_BIT_CONVERSION = YES;
				GCC_WARN_ABOUT_RETURN_TYPE = YES_ERROR;
				GCC_WARN_UNDECLARED_SELECTOR = YES;
				GCC_WARN_UNINITIALIZED_AUTOS = YES_AGGRESSIVE;
				GCC_WARN_UNUSED_FUNCTION = YES;
				GCC_WARN_UNUSED_VARIABLE = YES;
				IPHONEOS_DEPLOYMENT_TARGET = 14.1;
				MTL_ENABLE_DEBUG_INFO = NO;
				MTL_FAST_MATH = YES;
				SDKROOT = iphoneos;
				SWIFT_COMPILATION_MODE = wholemodule;
				SWIFT_OPTIMIZATION_LEVEL = "-O";
				VALIDATE_PRODUCT = YES;
			};
			name = Release;
		};
		D457116029072AAF0028CDA8 /* Debug */ = {
			isa = XCBuildConfiguration;
			buildSettings = {
				ASSETCATALOG_COMPILER_APPICON_NAME = AppIcon;
				ASSETCATALOG_COMPILER_GLOBAL_ACCENT_COLOR_NAME = AccentColor;
				CODE_SIGN_STYLE = Automatic;
				DEVELOPMENT_ASSET_PATHS = "\"JoseCard/Preview Content\"";
				ENABLE_PREVIEWS = YES;
				INFOPLIST_FILE = JoseCard/Info.plist;
				LD_RUNPATH_SEARCH_PATHS = (
					"$(inherited)",
					"@executable_path/Frameworks",
				);
				PRODUCT_BUNDLE_IDENTIFIER = com.Two42Studios.JoseCard;
				PRODUCT_NAME = "$(TARGET_NAME)";
				SWIFT_VERSION = 5.0;
				TARGETED_DEVICE_FAMILY = "1,2";
			};
			name = Debug;
		};
		D457116129072AAF0028CDA8 /* Release */ = {
			isa = XCBuildConfiguration;
			buildSettings = {
				ASSETCATALOG_COMPILER_APPICON_NAME = AppIcon;
				ASSETCATALOG_COMPILER_GLOBAL_ACCENT_COLOR_NAME = AccentColor;
				CODE_SIGN_STYLE = Automatic;
				DEVELOPMENT_ASSET_PATHS = "\"JoseCard/Preview Content\"";
				ENABLE_PREVIEWS = YES;
				INFOPLIST_FILE = JoseCard/Info.plist;
				LD_RUNPATH_SEARCH_PATHS = (
					"$(inherited)",
					"@executable_path/Frameworks",
				);
				PRODUCT_BUNDLE_IDENTIFIER = com.Two42Studios.JoseCard;
				PRODUCT_NAME = "$(TARGET_NAME)";
				SWIFT_VERSION = 5.0;
				TARGETED_DEVICE_FAMILY = "1,2";
			};
			name = Release;
		};
/* End XCBuildConfiguration section */

/* Begin XCConfigurationList section */
		D457114629072AAC0028CDA8 /* Build configuration list for PBXProject "JoseCard" */ = {
			isa = XCConfigurationList;
			buildConfigurations = (
				D457115D29072AAF0028CDA8 /* Debug */,
				D457115E29072AAF0028CDA8 /* Release */,
			);
			defaultConfigurationIsVisible = 0;
			defaultConfigurationName = Release;
		};
		D457115F29072AAF0028CDA8 /* Build configuration list for PBXNativeTarget "JoseCard" */ = {
			isa = XCConfigurationList;
			buildConfigurations = (
				D457116029072AAF0028CDA8 /* Debug */,
				D457116129072AAF0028CDA8 /* Release */,
			);
			defaultConfigurationIsVisible = 0;
			defaultConfigurationName = Release;
		};
/* End XCConfigurationList section */
	};
	rootObject = D457114329072AAC0028CDA8 /* Project object */;
}
